
Microsoft Visual Studio Solution File, Format Version 12.00
# Visual Studio Version 16
VisualStudioVersion = 16.0.31911.196
MinimumVisualStudioVersion = 10.0.40219.1
Project("{FAE04EC0-301F-11D3-BF4B-00C04F79EFBC}") = "SAE2.1", "SAE2.1\SAE2.1.csproj", "{C8B71739-BE1D-450C-81B1-B4D51C1780F9}"
EndProject
Project("{FAE04EC0-301F-11D3-BF4B-00C04F79EFBC}") = "BD", "BD\BD.csproj", "{A50B7741-54A7-4056-BAA5-94DFFBFDC552}"
EndProject
Global
	GlobalSection(SolutionConfigurationPlatforms) = preSolution
		Debug|Any CPU = Debug|Any CPU
		Release|Any CPU = Release|Any CPU
	EndGlobalSection
	GlobalSection(ProjectConfigurationPlatforms) = postSolution
		{C8B71739-BE1D-450C-81B1-B4D51C1780F9}.Debug|Any CPU.ActiveCfg = Debug|Any CPU
		{C8B71739-BE1D-450C-81B1-B4D51C1780F9}.Debug|Any CPU.Build.0 = Debug|Any CPU
		{C8B71739-BE1D-450C-81B1-B4D51C1780F9}.Release|Any CPU.ActiveCfg = Release|Any CPU
		{C8B71739-BE1D-450C-81B1-B4D51C1780F9}.Release|Any CPU.Build.0 = Release|Any CPU
		{A50B7741-54A7-4056-BAA5-94DFFBFDC552}.Debug|Any CPU.ActiveCfg = Debug|Any CPU
		{A50B7741-54A7-4056-BAA5-94DFFBFDC552}.Debug|Any CPU.Build.0 = Debug|Any CPU
		{A50B7741-54A7-4056-BAA5-94DFFBFDC552}.Release|Any CPU.ActiveCfg = Release|Any CPU
		{A50B7741-54A7-4056-BAA5-94DFFBFDC552}.Release|Any CPU.Build.0 = Release|Any CPU
	EndGlobalSection
	GlobalSection(SolutionProperties) = preSolution
		HideSolutionNode = FALSE
	EndGlobalSection
	GlobalSection(ExtensibilityGlobals) = postSolution
		SolutionGuid = {C16E0B1A-428F-493C-8BC3-D2E8F6D0A1D9}
	EndGlobalSection
EndGlobal
